
Microsoft Visual Studio Solution File, Format Version 12.00
# Visual Studio Version 17
VisualStudioVersion = 17.10.35027.167
MinimumVisualStudioVersion = 10.0.40219.1
Project("{FAE04EC0-301F-11D3-BF4B-00C04F79EFBC}") = "SampleWebApp", "SampleWebApp\SampleWebApp.csproj", "{5857F013-1488-46CC-B295-9599316568D4}"
EndProject
Project("{FAE04EC0-301F-11D3-BF4B-00C04F79EFBC}") = "SampleWebApp.Tests", "SampleWebApp.Tests\SampleWebApp.Tests.csproj", "{2722A687-39EF-498D-BFE0-B0BC068B0C86}"
EndProject
Global
	GlobalSection(SolutionConfigurationPlatforms) = preSolution
		Debug|Any CPU = Debug|Any CPU
		Release|Any CPU = Release|Any CPU
	EndGlobalSection
	GlobalSection(ProjectConfigurationPlatforms) = postSolution
		{5857F013-1488-46CC-B295-9599316568D4}.Debug|Any CPU.ActiveCfg = Debug|Any CPU
		{5857F013-1488-46CC-B295-9599316568D4}.Debug|Any CPU.Build.0 = Debug|Any CPU
		{5857F013-1488-46CC-B295-9599316568D4}.Release|Any CPU.ActiveCfg = Release|Any CPU
		{5857F013-1488-46CC-B295-9599316568D4}.Release|Any CPU.Build.0 = Release|Any CPU
		{2722A687-39EF-498D-BFE0-B0BC068B0C86}.Debug|Any CPU.ActiveCfg = Debug|Any CPU
		{2722A687-39EF-498D-BFE0-B0BC068B0C86}.Debug|Any CPU.Build.0 = Debug|Any CPU
		{2722A687-39EF-498D-BFE0-B0BC068B0C86}.Release|Any CPU.ActiveCfg = Release|Any CPU
		{2722A687-39EF-498D-BFE0-B0BC068B0C86}.Release|Any CPU.Build.0 = Release|Any CPU
	EndGlobalSection
	GlobalSection(SolutionProperties) = preSolution
		HideSolutionNode = FALSE
	EndGlobalSection
	GlobalSection(ExtensibilityGlobals) = postSolution
		SolutionGuid = {63554374-F9B9-4B0B-845D-20002A0621AB}
	EndGlobalSection
EndGlobal
